// !$*UTF8*$!
// corro on iOS — generated by gen_xcodeproj.sh. Do not hand-edit: the parts
// that matter are the build settings build_ios.sh injects, and this script is
// the readable form of them.
{
	archiveVersion = 1;
	classes = {
	};
	objectVersion = 54;
	objects = {

/* Begin PBXBuildFile section */
		C0DE00000000000000000041 /* AppDelegate.m in Sources */ = {isa = PBXBuildFile; fileRef = C0DE00000000000000000021 /* AppDelegate.m */; };
		C0DE00000000000000000042 /* SceneDelegate.m in Sources */ = {isa = PBXBuildFile; fileRef = C0DE00000000000000000022 /* SceneDelegate.m */; };
		C0DE00000000000000000043 /* CorroViewController.m in Sources */ = {isa = PBXBuildFile; fileRef = C0DE00000000000000000023 /* CorroViewController.m */; };
		C0DE00000000000000000044 /* CorroIosShims.m in Sources */ = {isa = PBXBuildFile; fileRef = C0DE00000000000000000024 /* CorroIosShims.m */; };
		C0DE00000000000000000045 /* LaunchScreen.storyboard in Resources */ = {isa = PBXBuildFile; fileRef = C0DE00000000000000000010 /* LaunchScreen.storyboard */; };
/* End PBXBuildFile section */

/* Begin PBXFileReference section */
		C0DE00000000000000000006 /* corro.app */ = {isa = PBXFileReference; explicitFileType = wrapper.application; includeInIndex = 0; path = corro.app; sourceTree = BUILT_PRODUCTS_DIR; };
		C0DE00000000000000000021 /* AppDelegate.m */ = {isa = PBXFileReference; lastKnownFileType = sourcecode.c.objc; path = AppDelegate.m; sourceTree = "<group>"; };
		C0DE00000000000000000022 /* SceneDelegate.m */ = {isa = PBXFileReference; lastKnownFileType = sourcecode.c.objc; path = SceneDelegate.m; sourceTree = "<group>"; };
		C0DE00000000000000000023 /* CorroViewController.m */ = {isa = PBXFileReference; lastKnownFileType = sourcecode.c.objc; path = CorroViewController.m; sourceTree = "<group>"; };
		C0DE00000000000000000024 /* CorroIosShims.m */ = {isa = PBXFileReference; lastKnownFileType = sourcecode.c.objc; path = CorroIosShims.m; sourceTree = "<group>"; };
		C0DE00000000000000000031 /* AppDelegate.h */ = {isa = PBXFileReference; lastKnownFileType = sourcecode.c.h; path = AppDelegate.h; sourceTree = "<group>"; };
		C0DE00000000000000000032 /* SceneDelegate.h */ = {isa = PBXFileReference; lastKnownFileType = sourcecode.c.h; path = SceneDelegate.h; sourceTree = "<group>"; };
		C0DE00000000000000000033 /* CorroViewController.h */ = {isa = PBXFileReference; lastKnownFileType = sourcecode.c.h; path = CorroViewController.h; sourceTree = "<group>"; };
		C0DE00000000000000000034 /* CorroBridge.h */ = {isa = PBXFileReference; lastKnownFileType = sourcecode.c.h; path = CorroBridge.h; sourceTree = "<group>"; };
		C0DE00000000000000000010 /* LaunchScreen.storyboard */ = {isa = PBXFileReference; lastKnownFileType = file.storyboard; path = LaunchScreen.storyboard; sourceTree = "<group>"; };
		C0DE00000000000000000011 /* Info.plist */ = {isa = PBXFileReference; lastKnownFileType = text.plist.xml; path = Info.plist; sourceTree = "<group>"; };
/* End PBXFileReference section */

/* Begin PBXFrameworksBuildPhase section */
		C0DE00000000000000000008 /* Frameworks */ = {
			isa = PBXFrameworksBuildPhase;
			buildActionMask = 2147483647;
			files = (
			);
			runOnlyForDeploymentPostprocessing = 0;
		};
/* End PBXFrameworksBuildPhase section */

/* Begin PBXGroup section */
		C0DE00000000000000000003 = {
			isa = PBXGroup;
			children = (
				C0DE00000000000000000005 /* app */,
				C0DE00000000000000000004 /* Products */,
			);
			sourceTree = "<group>";
		};
		C0DE00000000000000000004 /* Products */ = {
			isa = PBXGroup;
			children = (
				C0DE00000000000000000006 /* corro.app */,
			);
			name = Products;
			sourceTree = "<group>";
		};
		C0DE00000000000000000005 /* app */ = {
			isa = PBXGroup;
			children = (
				C0DE00000000000000000031 /* AppDelegate.h */,
				C0DE00000000000000000032 /* SceneDelegate.h */,
				C0DE00000000000000000033 /* CorroViewController.h */,
				C0DE00000000000000000034 /* CorroBridge.h */,
				C0DE00000000000000000021 /* AppDelegate.m */,
				C0DE00000000000000000022 /* SceneDelegate.m */,
				C0DE00000000000000000023 /* CorroViewController.m */,
				C0DE00000000000000000024 /* CorroIosShims.m */,
				C0DE00000000000000000010 /* LaunchScreen.storyboard */,
				C0DE00000000000000000011 /* Info.plist */,
			);
			name = app;
			sourceTree = "<group>";
		};
/* End PBXGroup section */

/* Begin PBXNativeTarget section */
		C0DE00000000000000000002 /* corro */ = {
			isa = PBXNativeTarget;
			buildConfigurationList = C0DE0000000000000000000B /* Build configuration list for PBXNativeTarget "corro" */;
			buildPhases = (
				C0DE00000000000000000007 /* Sources */,
				C0DE00000000000000000008 /* Frameworks */,
				C0DE00000000000000000009 /* Resources */,
			);
			buildRules = (
			);
			dependencies = (
			);
			name = corro;
			productName = corro;
			productReference = C0DE00000000000000000006 /* corro.app */;
			productType = "com.apple.product-type.application";
		};
/* End PBXNativeTarget section */

/* Begin PBXProject section */
		C0DE00000000000000000001 /* Project object */ = {
			isa = PBXProject;
			attributes = {
				BuildIndependentTargetsInParallel = 1;
				LastUpgradeCheck = 1500;
				TargetAttributes = {
					C0DE00000000000000000002 = {
						CreatedOnToolsVersion = 15.0;
					};
				};
			};
			buildConfigurationList = C0DE0000000000000000000A /* Build configuration list for PBXProject "Corro" */;
			compatibilityVersion = "Xcode 14.0";
			developmentRegion = en;
			hasScannedForEncodings = 0;
			knownRegions = (
				en,
				Base,
			);
			mainGroup = C0DE00000000000000000003;
			productRefGroup = C0DE00000000000000000004 /* Products */;
			projectDirPath = "";
			projectRoot = "";
			targets = (
				C0DE00000000000000000002 /* corro */,
			);
		};
/* End PBXProject section */

/* Begin PBXResourcesBuildPhase section */
		C0DE00000000000000000009 /* Resources */ = {
			isa = PBXResourcesBuildPhase;
			buildActionMask = 2147483647;
			files = (
				C0DE00000000000000000045 /* LaunchScreen.storyboard in Resources */,
			);
			runOnlyForDeploymentPostprocessing = 0;
		};
/* End PBXResourcesBuildPhase section */

/* Begin PBXSourcesBuildPhase section */
		C0DE00000000000000000007 /* Sources */ = {
			isa = PBXSourcesBuildPhase;
			buildActionMask = 2147483647;
			files = (
				C0DE00000000000000000041 /* AppDelegate.m in Sources */,
				C0DE00000000000000000042 /* SceneDelegate.m in Sources */,
				C0DE00000000000000000043 /* CorroViewController.m in Sources */,
				C0DE00000000000000000044 /* CorroIosShims.m in Sources */,
			);
			runOnlyForDeploymentPostprocessing = 0;
		};
/* End PBXSourcesBuildPhase section */

/* Begin XCBuildConfiguration section */
		C0DE0000000000000000000C /* Debug */ = {
			isa = XCBuildConfiguration;
			buildSettings = {
				ALWAYS_SEARCH_USER_PATHS = NO;
				CLANG_ENABLE_MODULES = YES;
				CLANG_ENABLE_OBJC_ARC = YES;
				ENABLE_STRICT_OBJC_MSGSEND = YES;
				GCC_C_LANGUAGE_STANDARD = gnu11;
				IPHONEOS_DEPLOYMENT_TARGET = 12.0;
				ONLY_ACTIVE_ARCH = YES;
				SDKROOT = iphoneos;
			};
			name = Debug;
		};
		C0DE0000000000000000000D /* Release */ = {
			isa = XCBuildConfiguration;
			buildSettings = {
				ALWAYS_SEARCH_USER_PATHS = NO;
				CLANG_ENABLE_MODULES = YES;
				CLANG_ENABLE_OBJC_ARC = YES;
				ENABLE_STRICT_OBJC_MSGSEND = YES;
				GCC_C_LANGUAGE_STANDARD = gnu11;
				IPHONEOS_DEPLOYMENT_TARGET = 12.0;
				SDKROOT = iphoneos;
			};
			name = Release;
		};
		C0DE0000000000000000000E /* Debug */ = {
			isa = XCBuildConfiguration;
			buildSettings = {
				CODE_SIGN_STYLE = Automatic;
				INFOPLIST_FILE = Info.plist;
				LIBRARY_SEARCH_PATHS = (
					"$(RUST_LIB_PATH)",
					"$(inherited)",
				);
				OTHER_LDFLAGS = (
					"$(RUST_LIB_PATH)/libcorro_ios.a",
					"-lobjc",
					"-framework",
					"UIKit",
					"-framework",
					"CoreGraphics",
					"-framework",
					"Foundation",
				);
				PRODUCT_BUNDLE_IDENTIFIER = com.corro.corro;
				PRODUCT_NAME = corro;
				TARGETED_DEVICE_FAMILY = "1,2";
			};
			name = Debug;
		};
		C0DE0000000000000000000F /* Release */ = {
			isa = XCBuildConfiguration;
			buildSettings = {
				CODE_SIGN_STYLE = Automatic;
				INFOPLIST_FILE = Info.plist;
				LIBRARY_SEARCH_PATHS = (
					"$(RUST_LIB_PATH)",
					"$(inherited)",
				);
				OTHER_LDFLAGS = (
					"$(RUST_LIB_PATH)/libcorro_ios.a",
					"-lobjc",
					"-framework",
					"UIKit",
					"-framework",
					"CoreGraphics",
					"-framework",
					"Foundation",
				);
				PRODUCT_BUNDLE_IDENTIFIER = com.corro.corro;
				PRODUCT_NAME = corro;
				TARGETED_DEVICE_FAMILY = "1,2";
			};
			name = Release;
		};
/* End XCBuildConfiguration section */

/* Begin XCConfigurationList section */
		C0DE0000000000000000000A /* Build configuration list for PBXProject "Corro" */ = {
			isa = XCConfigurationList;
			buildConfigurations = (
				C0DE0000000000000000000C /* Debug */,
				C0DE0000000000000000000D /* Release */,
			);
			defaultConfigurationIsVisible = 0;
			defaultConfigurationName = Release;
		};
		C0DE0000000000000000000B /* Build configuration list for PBXNativeTarget "corro" */ = {
			isa = XCConfigurationList;
			buildConfigurations = (
				C0DE0000000000000000000E /* Debug */,
				C0DE0000000000000000000F /* Release */,
			);
			defaultConfigurationIsVisible = 0;
			defaultConfigurationName = Release;
		};
/* End XCConfigurationList section */
	};
	rootObject = C0DE00000000000000000001 /* Project object */;
}
